{
  "name": "@posit-dev/shiny-bindings-monorepo",
  "version": "0.0.1",
  "lockfileVersion": 3,
  "requires": true,
  "packages": {
    "": {
      "name": "@posit-dev/shiny-bindings-monorepo",
      "version": "0.0.1",
      "license": "MIT",
      "workspaces": [
        "packages/react",
        "packages/core"
      ],
      "devDependencies": {
        "typescript": "^5.2.2"
      }
    },
    "node_modules/@posit-dev/shiny-bindings-core": {
      "resolved": "packages/core",
      "link": true
    },
    "node_modules/@posit-dev/shiny-bindings-react": {
      "resolved": "packages/react",
      "link": true
    },
    "node_modules/@types/bootstrap": {
      "version": "3.4.0",
      "resolved": "https://registry.npmjs.org/@types/bootstrap/-/bootstrap-3.4.0.tgz",
      "integrity": "sha512-LS05hVAAsX86qbHg7W+ydwBlNHrVCoFw6wEP3/uW4eYmRXl08bWmPeN/+onM+8qZTFfDgUlG/OItJI8SW972oQ==",
      "dev": true,
      "dependencies": {
        "@types/jquery": "*"
      }
    },
    "node_modules/@types/bootstrap-datepicker": {
      "version": "0.0.14",
      "resolved": "https://registry.npmjs.org/@types/bootstrap-datepicker/-/bootstrap-datepicker-0.0.14.tgz",
      "integrity": "sha512-ZBwEUuwYpehEHWtkaIDl55N3F6dPz6xEsoPW5esCZdtuhuZdNC/ebFV2n48kATcY5S2HD3V0O5/J8nuEgVk9fQ==",
      "dev": true,
      "dependencies": {
        "@types/jquery": "*"
      }
    },
    "node_modules/@types/datatables.net": {
      "version": "1.10.28",
      "resolved": "https://registry.npmjs.org/@types/datatables.net/-/datatables.net-1.10.28.tgz",
      "integrity": "sha512-Y6SZZCdJt7vXROaTBc/ifwhAqSBg7V0urM+RqZt3Tj9JN1U8KSgQ7EKpFG88g/j4MVrlYDfSH+yqSnK0MaIwMw==",
      "dev": true,
      "dependencies": {
        "@types/jquery": "*"
      }
    },
    "node_modules/@types/ion-rangeslider": {
      "version": "2.3.0",
      "resolved": "https://registry.npmjs.org/@types/ion-rangeslider/-/ion-rangeslider-2.3.0.tgz",
      "integrity": "sha512-u1k2Ekfg7E/ByCrtqtMk98g3QMXnMyIjCKU397YfjhWnTrms2BteoTanMqe0MJ1zyBBiP6+bwbc7P4cU+RiL+w==",
      "dev": true
    },
    "node_modules/@types/jquery": {
      "version": "3.5.14",
      "resolved": "https://registry.npmjs.org/@types/jquery/-/jquery-3.5.14.tgz",
      "integrity": "sha512-X1gtMRMbziVQkErhTQmSe2jFwwENA/Zr+PprCkF63vFq+Yt5PZ4AlKqgmeNlwgn7dhsXEK888eIW2520EpC+xg==",
      "dev": true,
      "dependencies": {
        "@types/sizzle": "*"
      }
    },
    "node_modules/@types/prop-types": {
      "version": "15.7.11",
      "license": "MIT"
    },
    "node_modules/@types/react": {
      "version": "18.2.39",
      "license": "MIT",
      "dependencies": {
        "@types/prop-types": "*",
        "@types/scheduler": "*",
        "csstype": "^3.0.2"
      }
    },
    "node_modules/@types/react-dom": {
      "version": "18.2.17",
      "license": "MIT",
      "dependencies": {
        "@types/react": "*"
      }
    },
    "node_modules/@types/rstudio-shiny": {
      "version": "1.7.4",
      "resolved": "git+ssh://git@github.com/rstudio/shiny.git#4d276b307e73b1d312833f03a873e5c16a2dad48",
      "dev": true,
      "license": "GPL-3.0-only",
      "dependencies": {
        "@types/bootstrap": "3.4.0",
        "@types/bootstrap-datepicker": "0.0.14",
        "@types/datatables.net": "^1.10.19",
        "@types/ion-rangeslider": "2.3.0",
        "@types/jquery": "3.5.14",
        "@types/selectize": "0.12.34"
      },
      "engines": {
        "node": ">= 14",
        "yarn": ">= 1.22"
      }
    },
    "node_modules/@types/scheduler": {
      "version": "0.16.8",
      "license": "MIT"
    },
    "node_modules/@types/selectize": {
      "version": "0.12.34",
      "resolved": "https://registry.npmjs.org/@types/selectize/-/selectize-0.12.34.tgz",
      "integrity": "sha512-OAXHsgsHBMJBHnB6QrFlHVa0+gCE5lgjdpwJDlJLRhrcsM4I2VXrm2vsG00//Rpdm4XgnX17vrBpjHlWOk1ALw==",
      "dev": true
    },
    "node_modules/@types/sizzle": {
      "version": "2.3.8",
      "resolved": "https://registry.npmjs.org/@types/sizzle/-/sizzle-2.3.8.tgz",
      "integrity": "sha512-0vWLNK2D5MT9dg0iOo8GlKguPAU02QjmZitPEsXRuJXU/OGIOt9vT9Fc26wtYuavLxtO45v9PGleoL9Z0k1LHg==",
      "dev": true
    },
    "node_modules/csstype": {
      "version": "3.1.2",
      "license": "MIT"
    },
    "node_modules/js-tokens": {
      "version": "4.0.0",
      "license": "MIT"
    },
    "node_modules/loose-envify": {
      "version": "1.4.0",
      "license": "MIT",
      "dependencies": {
        "js-tokens": "^3.0.0 || ^4.0.0"
      },
      "bin": {
        "loose-envify": "cli.js"
      }
    },
    "node_modules/react": {
      "version": "18.2.0",
      "license": "MIT",
      "dependencies": {
        "loose-envify": "^1.1.0"
      },
      "engines": {
        "node": ">=0.10.0"
      }
    },
    "node_modules/react-dom": {
      "version": "18.2.0",
      "license": "MIT",
      "dependencies": {
        "loose-envify": "^1.1.0",
        "scheduler": "^0.23.0"
      },
      "peerDependencies": {
        "react": "^18.2.0"
      }
    },
    "node_modules/scheduler": {
      "version": "0.23.0",
      "license": "MIT",
      "dependencies": {
        "loose-envify": "^1.1.0"
      }
    },
    "node_modules/typescript": {
      "version": "5.3.2",
      "license": "Apache-2.0",
      "bin": {
        "tsc": "bin/tsc",
        "tsserver": "bin/tsserver"
      },
      "engines": {
        "node": ">=14.17"
      }
    },
    "packages/core": {
      "name": "@posit-dev/shiny-bindings-core",
      "version": "0.0.2",
      "license": "MIT",
      "devDependencies": {
        "@types/rstudio-shiny": "git+https://github.com/rstudio/shiny.git#v1.7.4",
        "typescript": "^5.2.2"
      }
    },
    "packages/react": {
      "name": "@posit-dev/shiny-bindings-react",
      "version": "0.0.2",
      "license": "MIT",
      "dependencies": {
        "@posit-dev/shiny-bindings-core": "*",
        "@types/react": "^18.2.38",
        "@types/react-dom": "^18.2.16",
        "react": "^18.2.0",
        "react-dom": "^18.2.0",
        "typescript": "^5.2.2"
      },
      "devDependencies": {},
      "peerDependencies": {
        "react": "^18.2.0",
        "react-dom": "^18.2.0"
      }
    }
  }
}
