{
  "name": "@posit-dev/shiny-bindings-core",
  "version": "0.0.3",
  "lockfileVersion": 3,
  "requires": true,
  "packages": {
    "": {
      "name": "@posit-dev/shiny-bindings-core",
      "version": "0.0.3",
      "license": "MIT",
      "devDependencies": {
        "@types/rstudio-shiny": "git+https://github.com/rstudio/shiny.git#v1.7.4",
        "typescript": "^5.2.2"
      }
    },
    "node_modules/@types/bootstrap": {
      "version": "3.4.0",
      "resolved": "https://registry.npmjs.org/@types/bootstrap/-/bootstrap-3.4.0.tgz",
      "integrity": "sha512-LS05hVAAsX86qbHg7W+ydwBlNHrVCoFw6wEP3/uW4eYmRXl08bWmPeN/+onM+8qZTFfDgUlG/OItJI8SW972oQ==",
      "dev": true,
      "dependencies": {
        "@types/jquery": "*"
      }
    },
    "node_modules/@types/bootstrap-datepicker": {
      "version": "0.0.14",
      "resolved": "https://registry.npmjs.org/@types/bootstrap-datepicker/-/bootstrap-datepicker-0.0.14.tgz",
      "integrity": "sha512-ZBwEUuwYpehEHWtkaIDl55N3F6dPz6xEsoPW5esCZdtuhuZdNC/ebFV2n48kATcY5S2HD3V0O5/J8nuEgVk9fQ==",
      "dev": true,
      "dependencies": {
        "@types/jquery": "*"
      }
    },
    "node_modules/@types/datatables.net": {
      "version": "1.10.28",
      "resolved": "https://registry.npmjs.org/@types/datatables.net/-/datatables.net-1.10.28.tgz",
      "integrity": "sha512-Y6SZZCdJt7vXROaTBc/ifwhAqSBg7V0urM+RqZt3Tj9JN1U8KSgQ7EKpFG88g/j4MVrlYDfSH+yqSnK0MaIwMw==",
      "dev": true,
      "dependencies": {
        "@types/jquery": "*"
      }
    },
    "node_modules/@types/ion-rangeslider": {
      "version": "2.3.0",
      "resolved": "https://registry.npmjs.org/@types/ion-rangeslider/-/ion-rangeslider-2.3.0.tgz",
      "integrity": "sha512-u1k2Ekfg7E/ByCrtqtMk98g3QMXnMyIjCKU397YfjhWnTrms2BteoTanMqe0MJ1zyBBiP6+bwbc7P4cU+RiL+w==",
      "dev": true
    },
    "node_modules/@types/jquery": {
      "version": "3.5.14",
      "resolved": "https://registry.npmjs.org/@types/jquery/-/jquery-3.5.14.tgz",
      "integrity": "sha512-X1gtMRMbziVQkErhTQmSe2jFwwENA/Zr+PprCkF63vFq+Yt5PZ4AlKqgmeNlwgn7dhsXEK888eIW2520EpC+xg==",
      "dev": true,
      "dependencies": {
        "@types/sizzle": "*"
      }
    },
    "node_modules/@types/rstudio-shiny": {
      "version": "1.7.4",
      "resolved": "git+ssh://git@github.com/rstudio/shiny.git#4d276b307e73b1d312833f03a873e5c16a2dad48",
      "dev": true,
      "license": "GPL-3.0-only",
      "dependencies": {
        "@types/bootstrap": "3.4.0",
        "@types/bootstrap-datepicker": "0.0.14",
        "@types/datatables.net": "^1.10.19",
        "@types/ion-rangeslider": "2.3.0",
        "@types/jquery": "3.5.14",
        "@types/selectize": "0.12.34"
      },
      "engines": {
        "node": ">= 14",
        "yarn": ">= 1.22"
      }
    },
    "node_modules/@types/selectize": {
      "version": "0.12.34",
      "resolved": "https://registry.npmjs.org/@types/selectize/-/selectize-0.12.34.tgz",
      "integrity": "sha512-OAXHsgsHBMJBHnB6QrFlHVa0+gCE5lgjdpwJDlJLRhrcsM4I2VXrm2vsG00//Rpdm4XgnX17vrBpjHlWOk1ALw==",
      "dev": true
    },
    "node_modules/@types/sizzle": {
      "version": "2.3.8",
      "resolved": "https://registry.npmjs.org/@types/sizzle/-/sizzle-2.3.8.tgz",
      "integrity": "sha512-0vWLNK2D5MT9dg0iOo8GlKguPAU02QjmZitPEsXRuJXU/OGIOt9vT9Fc26wtYuavLxtO45v9PGleoL9Z0k1LHg==",
      "dev": true
    },
    "node_modules/typescript": {
      "version": "5.3.3",
      "resolved": "https://registry.npmjs.org/typescript/-/typescript-5.3.3.tgz",
      "integrity": "sha512-pXWcraxM0uxAS+tN0AG/BF2TyqmHO014Z070UsJ+pFvYuRSq8KH8DmWpnbXe0pEPDHXZV3FcAbJkijJ5oNEnWw==",
      "dev": true,
      "bin": {
        "tsc": "bin/tsc",
        "tsserver": "bin/tsserver"
      },
      "engines": {
        "node": ">=14.17"
      }
    }
  }
}
